
Microsoft Visual Studio Solution File, Format Version 12.00
# Visual Studio Version 16
VisualStudioVersion = 16.0.30204.135
MinimumVisualStudioVersion = 10.0.40219.1
Project("{FAE04EC0-301F-11D3-BF4B-00C04F79EFBC}") = "BugTrackerUI", "BugTrackerUI\BugTrackerUI.csproj", "{E2414F93-892F-47B5-A33D-4494604185CB}"
EndProject
Global
	GlobalSection(SolutionConfigurationPlatforms) = preSolution
		Debug|Any CPU = Debug|Any CPU
		Release|Any CPU = Release|Any CPU
	EndGlobalSection
	GlobalSection(ProjectConfigurationPlatforms) = postSolution
		{E2414F93-892F-47B5-A33D-4494604185CB}.Debug|Any CPU.ActiveCfg = Debug|Any CPU
		{E2414F93-892F-47B5-A33D-4494604185CB}.Debug|Any CPU.Build.0 = Debug|Any CPU
		{E2414F93-892F-47B5-A33D-4494604185CB}.Release|Any CPU.ActiveCfg = Release|Any CPU
		{E2414F93-892F-47B5-A33D-4494604185CB}.Release|Any CPU.Build.0 = Release|Any CPU
	EndGlobalSection
	GlobalSection(SolutionProperties) = preSolution
		HideSolutionNode = FALSE
	EndGlobalSection
	GlobalSection(ExtensibilityGlobals) = postSolution
		SolutionGuid = {594092AA-A981-46F0-A54B-CCDAF707D41A}
	EndGlobalSection
EndGlobal
